
Microsoft Visual Studio Solution File, Format Version 12.00
# Visual Studio 15
VisualStudioVersion = 15.0.28010.2026
MinimumVisualStudioVersion = 10.0.40219.1
Project("{F184B08F-C81C-45F6-A57F-5ABD9991F28F}") = "bankrekeningmetklassen", "bankrekeningmetklassen\bankrekeningmetklassen.vbproj", "{59DBD01D-0A89-46F5-B037-CF6605016AD0}"
EndProject
Global
	GlobalSection(SolutionConfigurationPlatforms) = preSolution
		Debug|Any CPU = Debug|Any CPU
		Release|Any CPU = Release|Any CPU
	EndGlobalSection
	GlobalSection(ProjectConfigurationPlatforms) = postSolution
		{59DBD01D-0A89-46F5-B037-CF6605016AD0}.Debug|Any CPU.ActiveCfg = Debug|Any CPU
		{59DBD01D-0A89-46F5-B037-CF6605016AD0}.Debug|Any CPU.Build.0 = Debug|Any CPU
		{59DBD01D-0A89-46F5-B037-CF6605016AD0}.Release|Any CPU.ActiveCfg = Release|Any CPU
		{59DBD01D-0A89-46F5-B037-CF6605016AD0}.Release|Any CPU.Build.0 = Release|Any CPU
	EndGlobalSection
	GlobalSection(SolutionProperties) = preSolution
		HideSolutionNode = FALSE
	EndGlobalSection
	GlobalSection(ExtensibilityGlobals) = postSolution
		SolutionGuid = {E292E6F7-8AF2-4BBB-BF4E-26903DB460F9}
	EndGlobalSection
EndGlobal
